
Microsoft Visual Studio Solution File, Format Version 12.00
# Visual Studio 15
VisualStudioVersion = 15.0.27004.2002
MinimumVisualStudioVersion = 10.0.40219.1
Project("{FAE04EC0-301F-11D3-BF4B-00C04F79EFBC}") = "Lab10", "Lab10\Lab10.csproj", "{FB05C5C7-70B1-4C84-BEB2-50ED5D86D461}"
EndProject
Global
	GlobalSection(SolutionConfigurationPlatforms) = preSolution
		Debug|Any CPU = Debug|Any CPU
		Release|Any CPU = Release|Any CPU
	EndGlobalSection
	GlobalSection(ProjectConfigurationPlatforms) = postSolution
		{FB05C5C7-70B1-4C84-BEB2-50ED5D86D461}.Debug|Any CPU.ActiveCfg = Debug|Any CPU
		{FB05C5C7-70B1-4C84-BEB2-50ED5D86D461}.Debug|Any CPU.Build.0 = Debug|Any CPU
		{FB05C5C7-70B1-4C84-BEB2-50ED5D86D461}.Release|Any CPU.ActiveCfg = Release|Any CPU
		{FB05C5C7-70B1-4C84-BEB2-50ED5D86D461}.Release|Any CPU.Build.0 = Release|Any CPU
	EndGlobalSection
	GlobalSection(SolutionProperties) = preSolution
		HideSolutionNode = FALSE
	EndGlobalSection
	GlobalSection(ExtensibilityGlobals) = postSolution
		SolutionGuid = {896B751A-0EE8-40DE-B3B0-0E5EC3504A1A}
	EndGlobalSection
EndGlobal
